version: 2.0
shards:
  inotify-fixed:
    git: https://github.com/r-unic/inotify-fixed.git
    version: 1.0.1

  logger:
    git: https://github.com/crystal-lang/logger.cr.git
    version: 0.1.0

  lua:
    git: https://github.com/veelenga/lua.cr.git
    version: 0.2.0

  readline:
    git: https://github.com/crystal-lang/crystal-readline.git
    version: 0.1.1

